
Microsoft Visual Studio Solution File, Format Version 12.00
# Visual Studio Version 17
VisualStudioVersion = 17.5.33530.505
MinimumVisualStudioVersion = 10.0.40219.1
Project("{9A19103F-16F7-4668-BE54-9A1E7A4F7556}") = "Catalog.API", "Catalog.API\Catalog.API.csproj", "{2D5A62AB-B2EE-4C09-A3DA-0292F9DB1B5F}"
EndProject
Project("{E53339B2-1760-4266-BCC7-CA923CBCF16C}") = "docker-compose", "docker-compose.dcproj", "{7FBB6178-4522-4952-A46C-F5A0D5BC3766}"
EndProject
Project("{9A19103F-16F7-4668-BE54-9A1E7A4F7556}") = "Basket.API", "Basket.API\Basket.API.csproj", "{EB6DE7E5-3BD0-442F-8ACA-DF8D1AC35040}"
EndProject
Project("{9A19103F-16F7-4668-BE54-9A1E7A4F7556}") = "Discount.API", "Discount.API\Discount.API.csproj", "{F765564C-85C4-4533-9348-70A8F0672205}"
EndProject
Project("{9A19103F-16F7-4668-BE54-9A1E7A4F7556}") = "Discount.Grpc", "Discount.Grpc\Discount.Grpc.csproj", "{EE95C10C-B346-44E8-A46A-45C5E5A837DA}"
EndProject
Global
	GlobalSection(SolutionConfigurationPlatforms) = preSolution
		Debug|Any CPU = Debug|Any CPU
		Release|Any CPU = Release|Any CPU
	EndGlobalSection
	GlobalSection(ProjectConfigurationPlatforms) = postSolution
		{2D5A62AB-B2EE-4C09-A3DA-0292F9DB1B5F}.Debug|Any CPU.ActiveCfg = Debug|Any CPU
		{2D5A62AB-B2EE-4C09-A3DA-0292F9DB1B5F}.Debug|Any CPU.Build.0 = Debug|Any CPU
		{2D5A62AB-B2EE-4C09-A3DA-0292F9DB1B5F}.Release|Any CPU.ActiveCfg = Release|Any CPU
		{2D5A62AB-B2EE-4C09-A3DA-0292F9DB1B5F}.Release|Any CPU.Build.0 = Release|Any CPU
		{7FBB6178-4522-4952-A46C-F5A0D5BC3766}.Debug|Any CPU.ActiveCfg = Debug|Any CPU
		{7FBB6178-4522-4952-A46C-F5A0D5BC3766}.Debug|Any CPU.Build.0 = Debug|Any CPU
		{7FBB6178-4522-4952-A46C-F5A0D5BC3766}.Release|Any CPU.ActiveCfg = Release|Any CPU
		{7FBB6178-4522-4952-A46C-F5A0D5BC3766}.Release|Any CPU.Build.0 = Release|Any CPU
		{EB6DE7E5-3BD0-442F-8ACA-DF8D1AC35040}.Debug|Any CPU.ActiveCfg = Debug|Any CPU
		{EB6DE7E5-3BD0-442F-8ACA-DF8D1AC35040}.Debug|Any CPU.Build.0 = Debug|Any CPU
		{EB6DE7E5-3BD0-442F-8ACA-DF8D1AC35040}.Release|Any CPU.ActiveCfg = Release|Any CPU
		{EB6DE7E5-3BD0-442F-8ACA-DF8D1AC35040}.Release|Any CPU.Build.0 = Release|Any CPU
		{F765564C-85C4-4533-9348-70A8F0672205}.Debug|Any CPU.ActiveCfg = Debug|Any CPU
		{F765564C-85C4-4533-9348-70A8F0672205}.Debug|Any CPU.Build.0 = Debug|Any CPU
		{F765564C-85C4-4533-9348-70A8F0672205}.Release|Any CPU.ActiveCfg = Release|Any CPU
		{F765564C-85C4-4533-9348-70A8F0672205}.Release|Any CPU.Build.0 = Release|Any CPU
		{EE95C10C-B346-44E8-A46A-45C5E5A837DA}.Debug|Any CPU.ActiveCfg = Debug|Any CPU
		{EE95C10C-B346-44E8-A46A-45C5E5A837DA}.Debug|Any CPU.Build.0 = Debug|Any CPU
		{EE95C10C-B346-44E8-A46A-45C5E5A837DA}.Release|Any CPU.ActiveCfg = Release|Any CPU
		{EE95C10C-B346-44E8-A46A-45C5E5A837DA}.Release|Any CPU.Build.0 = Release|Any CPU
	EndGlobalSection
	GlobalSection(SolutionProperties) = preSolution
		HideSolutionNode = FALSE
	EndGlobalSection
	GlobalSection(ExtensibilityGlobals) = postSolution
		SolutionGuid = {2A209108-B04B-4A21-8959-CF654FA2C92C}
	EndGlobalSection
EndGlobal
